
Microsoft Visual Studio Solution File, Format Version 12.00
# Visual Studio Version 17
VisualStudioVersion = 17.14.37301.10 d17.14
MinimumVisualStudioVersion = 10.0.40219.1
Project("{FAE04EC0-301F-11D3-BF4B-00C04F79EFBC}") = "QL_HDNK", "QL_HDNK\QL_HDNK.csproj", "{7AAD3E0C-FA33-4E5D-A386-D72DFD79963C}"
EndProject
Global
	GlobalSection(SolutionConfigurationPlatforms) = preSolution
		Debug|Any CPU = Debug|Any CPU
		Release|Any CPU = Release|Any CPU
	EndGlobalSection
	GlobalSection(ProjectConfigurationPlatforms) = postSolution
		{7AAD3E0C-FA33-4E5D-A386-D72DFD79963C}.Debug|Any CPU.ActiveCfg = Debug|Any CPU
		{7AAD3E0C-FA33-4E5D-A386-D72DFD79963C}.Debug|Any CPU.Build.0 = Debug|Any CPU
		{7AAD3E0C-FA33-4E5D-A386-D72DFD79963C}.Release|Any CPU.ActiveCfg = Release|Any CPU
		{7AAD3E0C-FA33-4E5D-A386-D72DFD79963C}.Release|Any CPU.Build.0 = Release|Any CPU
	EndGlobalSection
	GlobalSection(SolutionProperties) = preSolution
		HideSolutionNode = FALSE
	EndGlobalSection
	GlobalSection(ExtensibilityGlobals) = postSolution
		SolutionGuid = {04867FB8-8880-4D79-B7BB-E6A765C8AF1D}
	EndGlobalSection
EndGlobal
